// !$*UTF8*$!
{
	archiveVersion = 1;
	classes = {
	};
	objectVersion = 77;
	objects = {

/* Begin PBXBuildFile section */
		CC95717F2DCFA1F200844AD9 /* Stripe in Frameworks */ = {isa = PBXBuildFile; productRef = CC95717E2DCFA1F200844AD9 /* Stripe */; };
		CC9571812DCFA1F200844AD9 /* StripeApplePay in Frameworks */ = {isa = PBXBuildFile; productRef = CC9571802DCFA1F200844AD9 /* StripeApplePay */; };
		CC9571832DCFA1F200844AD9 /* StripeCardScan in Frameworks */ = {isa = PBXBuildFile; productRef = CC9571822DCFA1F200844AD9 /* StripeCardScan */; };
		CC9571852DCFA1F200844AD9 /* StripeConnect in Frameworks */ = {isa = PBXBuildFile; productRef = CC9571842DCFA1F200844AD9 /* StripeConnect */; };
		CC9571872DCFA1F200844AD9 /* StripeFinancialConnections in Frameworks */ = {isa = PBXBuildFile; productRef = CC9571862DCFA1F200844AD9 /* StripeFinancialConnections */; };
		CC9571892DCFA1F200844AD9 /* StripeIdentity in Frameworks */ = {isa = PBXBuildFile; productRef = CC9571882DCFA1F200844AD9 /* StripeIdentity */; };
		CC95718B2DCFA1F200844AD9 /* StripePaymentSheet in Frameworks */ = {isa = PBXBuildFile; productRef = CC95718A2DCFA1F200844AD9 /* StripePaymentSheet */; };
		CC95718D2DCFA1F200844AD9 /* StripePayments in Frameworks */ = {isa = PBXBuildFile; productRef = CC95718C2DCFA1F200844AD9 /* StripePayments */; };
		CC95718F2DCFA1F200844AD9 /* StripePaymentsUI in Frameworks */ = {isa = PBXBuildFile; productRef = CC95718E2DCFA1F200844AD9 /* StripePaymentsUI */; };
/* End PBXBuildFile section */

/* Begin PBXFileReference section */
		CCDDBE9F2DBD3033006FF16C /* meexora.app */ = {isa = PBXFileReference; explicitFileType = wrapper.application; includeInIndex = 0; path = meexora.app; sourceTree = BUILT_PRODUCTS_DIR; };
/* End PBXFileReference section */

/* Begin PBXFileSystemSynchronizedBuildFileExceptionSet section */
		CCDC1EA92DCBFD0F0019EA41 /* Exceptions for "meexora" folder in "meexora" target */ = {
			isa = PBXFileSystemSynchronizedBuildFileExceptionSet;
			membershipExceptions = (
				Info.plist,
			);
			target = CCDDBE9E2DBD3033006FF16C /* meexora */;
		};
/* End PBXFileSystemSynchronizedBuildFileExceptionSet section */

/* Begin PBXFileSystemSynchronizedRootGroup section */
		CCDDBEA12DBD3033006FF16C /* meexora */ = {
			isa = PBXFileSystemSynchronizedRootGroup;
			exceptions = (
				CCDC1EA92DCBFD0F0019EA41 /* Exceptions for "meexora" folder in "meexora" target */,
			);
			path = meexora;
			sourceTree = "<group>";
		};
/* End PBXFileSystemSynchronizedRootGroup section */

/* Begin PBXFrameworksBuildPhase section */
		CCDDBE9C2DBD3033006FF16C /* Frameworks */ = {
			isa = PBXFrameworksBuildPhase;
			buildActionMask = 2147483647;
			files = (
				CC9571872DCFA1F200844AD9 /* StripeFinancialConnections in Frameworks */,
				CC9571832DCFA1F200844AD9 /* StripeCardScan in Frameworks */,
				CC95717F2DCFA1F200844AD9 /* Stripe in Frameworks */,
				CC9571892DCFA1F200844AD9 /* StripeIdentity in Frameworks */,
				CC95718B2DCFA1F200844AD9 /* StripePaymentSheet in Frameworks */,
				CC9571852DCFA1F200844AD9 /* StripeConnect in Frameworks */,
				CC95718F2DCFA1F200844AD9 /* StripePaymentsUI in Frameworks */,
				CC95718D2DCFA1F200844AD9 /* StripePayments in Frameworks */,
				CC9571812DCFA1F200844AD9 /* StripeApplePay in Frameworks */,
			);
			runOnlyForDeploymentPostprocessing = 0;
		};
/* End PBXFrameworksBuildPhase section */

/* Begin PBXGroup section */
		CCDDBE962DBD3033006FF16C = {
			isa = PBXGroup;
			children = (
				CCDDBEA12DBD3033006FF16C /* meexora */,
				CCDDBEA02DBD3033006FF16C /* Products */,
			);
			sourceTree = "<group>";
		};
		CCDDBEA02DBD3033006FF16C /* Products */ = {
			isa = PBXGroup;
			children = (
				CCDDBE9F2DBD3033006FF16C /* meexora.app */,
			);
			name = Products;
			sourceTree = "<group>";
		};
/* End PBXGroup section */

/* Begin PBXNativeTarget section */
		CCDDBE9E2DBD3033006FF16C /* meexora */ = {
			isa = PBXNativeTarget;
			buildConfigurationList = CCDDBEAA2DBD3034006FF16C /* Build configuration list for PBXNativeTarget "meexora" */;
			buildPhases = (
				CCDDBE9B2DBD3033006FF16C /* Sources */,
				CCDDBE9C2DBD3033006FF16C /* Frameworks */,
				CCDDBE9D2DBD3033006FF16C /* Resources */,
			);
			buildRules = (
			);
			dependencies = (
			);
			fileSystemSynchronizedGroups = (
				CCDDBEA12DBD3033006FF16C /* meexora */,
			);
			name = meexora;
			packageProductDependencies = (
				CC95717E2DCFA1F200844AD9 /* Stripe */,
				CC9571802DCFA1F200844AD9 /* StripeApplePay */,
				CC9571822DCFA1F200844AD9 /* StripeCardScan */,
				CC9571842DCFA1F200844AD9 /* StripeConnect */,
				CC9571862DCFA1F200844AD9 /* StripeFinancialConnections */,
				CC9571882DCFA1F200844AD9 /* StripeIdentity */,
				CC95718A2DCFA1F200844AD9 /* StripePaymentSheet */,
				CC95718C2DCFA1F200844AD9 /* StripePayments */,
				CC95718E2DCFA1F200844AD9 /* StripePaymentsUI */,
			);
			productName = meexora;
			productReference = CCDDBE9F2DBD3033006FF16C /* meexora.app */;
			productType = "com.apple.product-type.application";
		};
/* End PBXNativeTarget section */

/* Begin PBXProject section */
		CCDDBE972DBD3033006FF16C /* Project object */ = {
			isa = PBXProject;
			attributes = {
				BuildIndependentTargetsInParallel = 1;
				LastSwiftUpdateCheck = 1630;
				LastUpgradeCheck = 1630;
				TargetAttributes = {
					CCDDBE9E2DBD3033006FF16C = {
						CreatedOnToolsVersion = 16.3;
					};
				};
			};
			buildConfigurationList = CCDDBE9A2DBD3033006FF16C /* Build configuration list for PBXProject "meexora" */;
			developmentRegion = en;
			hasScannedForEncodings = 0;
			knownRegions = (
				en,
				Base,
			);
			mainGroup = CCDDBE962DBD3033006FF16C;
			minimizedProjectReferenceProxies = 1;
			packageReferences = (
				CC95717D2DCFA1F200844AD9 /* XCRemoteSwiftPackageReference "stripe-ios-spm" */,
			);
			preferredProjectObjectVersion = 77;
			productRefGroup = CCDDBEA02DBD3033006FF16C /* Products */;
			projectDirPath = "";
			projectRoot = "";
			targets = (
				CCDDBE9E2DBD3033006FF16C /* meexora */,
			);
		};
/* End PBXProject section */

/* Begin PBXResourcesBuildPhase section */
		CCDDBE9D2DBD3033006FF16C /* Resources */ = {
			isa = PBXResourcesBuildPhase;
			buildActionMask = 2147483647;
			files = (
			);
			runOnlyForDeploymentPostprocessing = 0;
		};
/* End PBXResourcesBuildPhase section */

/* Begin PBXSourcesBuildPhase section */
		CCDDBE9B2DBD3033006FF16C /* Sources */ = {
			isa = PBXSourcesBuildPhase;
			buildActionMask = 2147483647;
			files = (
			);
			runOnlyForDeploymentPostprocessing = 0;
		};
/* End PBXSourcesBuildPhase section */

/* Begin XCBuildConfiguration section */
		CCDDBEA82DBD3034006FF16C /* Debug */ = {
			isa = XCBuildConfiguration;
			buildSettings = {
				ALWAYS_SEARCH_USER_PATHS = NO;
				ASSETCATALOG_COMPILER_GENERATE_SWIFT_ASSET_SYMBOL_EXTENSIONS = YES;
				CLANG_ANALYZER_NONNULL = YES;
				CLANG_ANALYZER_NUMBER_OBJECT_CONVERSION = YES_AGGRESSIVE;
				CLANG_CXX_LANGUAGE_STANDARD = "gnu++20";
				CLANG_ENABLE_MODULES = YES;
				CLANG_ENABLE_OBJC_ARC = YES;
				CLANG_ENABLE_OBJC_WEAK = YES;
				CLANG_WARN_BLOCK_CAPTURE_AUTORELEASING = YES;
				CLANG_WARN_BOOL_CONVERSION = YES;
				CLANG_WARN_COMMA = YES;
				CLANG_WARN_CONSTANT_CONVERSION = YES;
				CLANG_WARN_DEPRECATED_OBJC_IMPLEMENTATIONS = YES;
				CLANG_WARN_DIRECT_OBJC_ISA_USAGE = YES_ERROR;
				CLANG_WARN_DOCUMENTATION_COMMENTS = YES;
				CLANG_WARN_EMPTY_BODY = YES;
				CLANG_WARN_ENUM_CONVERSION = YES;
				CLANG_WARN_INFINITE_RECURSION = YES;
				CLANG_WARN_INT_CONVERSION = YES;
				CLANG_WARN_NON_LITERAL_NULL_CONVERSION = YES;
				CLANG_WARN_OBJC_IMPLICIT_RETAIN_SELF = YES;
				CLANG_WARN_OBJC_LITERAL_CONVERSION = YES;
				CLANG_WARN_OBJC_ROOT_CLASS = YES_ERROR;
				CLANG_WARN_QUOTED_INCLUDE_IN_FRAMEWORK_HEADER = YES;
				CLANG_WARN_RANGE_LOOP_ANALYSIS = YES;
				CLANG_WARN_STRICT_PROTOTYPES = YES;
				CLANG_WARN_SUSPICIOUS_MOVE = YES;
				CLANG_WARN_UNGUARDED_AVAILABILITY = YES_AGGRESSIVE;
				CLANG_WARN_UNREACHABLE_CODE = YES;
				CLANG_WARN__DUPLICATE_METHOD_MATCH = YES;
				COPY_PHASE_STRIP = NO;
				DEBUG_INFORMATION_FORMAT = dwarf;
				DEVELOPMENT_TEAM = 4J7H5JPR2Q;
				ENABLE_STRICT_OBJC_MSGSEND = YES;
				ENABLE_TESTABILITY = YES;
				ENABLE_USER_SCRIPT_SANDBOXING = YES;
				GCC_C_LANGUAGE_STANDARD = gnu17;
				GCC_DYNAMIC_NO_PIC = NO;
				GCC_NO_COMMON_BLOCKS = YES;
				GCC_OPTIMIZATION_LEVEL = 0;
				GCC_PREPROCESSOR_DEFINITIONS = (
					"DEBUG=1",
					"$(inherited)",
				);
				GCC_WARN_64_TO_32_BIT_CONVERSION = YES;
				GCC_WARN_ABOUT_RETURN_TYPE = YES_ERROR;
				GCC_WARN_UNDECLARED_SELECTOR = YES;
				GCC_WARN_UNINITIALIZED_AUTOS = YES_AGGRESSIVE;
				GCC_WARN_UNUSED_FUNCTION = YES;
				GCC_WARN_UNUSED_VARIABLE = YES;
				IPHONEOS_DEPLOYMENT_TARGET = 18.4;
				LOCALIZATION_PREFERS_STRING_CATALOGS = YES;
				MTL_ENABLE_DEBUG_INFO = INCLUDE_SOURCE;
				MTL_FAST_MATH = YES;
				ONLY_ACTIVE_ARCH = YES;
				SDKROOT = iphoneos;
				SWIFT_ACTIVE_COMPILATION_CONDITIONS = "DEBUG $(inherited)";
				SWIFT_OPTIMIZATION_LEVEL = "-Onone";
			};
			name = Debug;
		};
		CCDDBEA92DBD3034006FF16C /* Release */ = {
			isa = XCBuildConfiguration;
			buildSettings = {
				ALWAYS_SEARCH_USER_PATHS = NO;
				ASSETCATALOG_COMPILER_GENERATE_SWIFT_ASSET_SYMBOL_EXTENSIONS = YES;
				CLANG_ANALYZER_NONNULL = YES;
				CLANG_ANALYZER_NUMBER_OBJECT_CONVERSION = YES_AGGRESSIVE;
				CLANG_CXX_LANGUAGE_STANDARD = "gnu++20";
				CLANG_ENABLE_MODULES = YES;
				CLANG_ENABLE_OBJC_ARC = YES;
				CLANG_ENABLE_OBJC_WEAK = YES;
				CLANG_WARN_BLOCK_CAPTURE_AUTORELEASING = YES;
				CLANG_WARN_BOOL_CONVERSION = YES;
				CLANG_WARN_COMMA = YES;
				CLANG_WARN_CONSTANT_CONVERSION = YES;
				CLANG_WARN_DEPRECATED_OBJC_IMPLEMENTATIONS = YES;
				CLANG_WARN_DIRECT_OBJC_ISA_USAGE = YES_ERROR;
				CLANG_WARN_DOCUMENTATION_COMMENTS = YES;
				CLANG_WARN_EMPTY_BODY = YES;
				CLANG_WARN_ENUM_CONVERSION = YES;
				CLANG_WARN_INFINITE_RECURSION = YES;
				CLANG_WARN_INT_CONVERSION = YES;
				CLANG_WARN_NON_LITERAL_NULL_CONVERSION = YES;
				CLANG_WARN_OBJC_IMPLICIT_RETAIN_SELF = YES;
				CLANG_WARN_OBJC_LITERAL_CONVERSION = YES;
				CLANG_WARN_OBJC_ROOT_CLASS = YES_ERROR;
				CLANG_WARN_QUOTED_INCLUDE_IN_FRAMEWORK_HEADER = YES;
				CLANG_WARN_RANGE_LOOP_ANALYSIS = YES;
				CLANG_WARN_STRICT_PROTOTYPES = YES;
				CLANG_WARN_SUSPICIOUS_MOVE = YES;
				CLANG_WARN_UNGUARDED_AVAILABILITY = YES_AGGRESSIVE;
				CLANG_WARN_UNREACHABLE_CODE = YES;
				CLANG_WARN__DUPLICATE_METHOD_MATCH = YES;
				COPY_PHASE_STRIP = NO;
				DEBUG_INFORMATION_FORMAT = "dwarf-with-dsym";
				DEVELOPMENT_TEAM = 4J7H5JPR2Q;
				ENABLE_NS_ASSERTIONS = NO;
				ENABLE_STRICT_OBJC_MSGSEND = YES;
				ENABLE_USER_SCRIPT_SANDBOXING = YES;
				GCC_C_LANGUAGE_STANDARD = gnu17;
				GCC_NO_COMMON_BLOCKS = YES;
				GCC_WARN_64_TO_32_BIT_CONVERSION = YES;
				GCC_WARN_ABOUT_RETURN_TYPE = YES_ERROR;
				GCC_WARN_UNDECLARED_SELECTOR = YES;
				GCC_WARN_UNINITIALIZED_AUTOS = YES_AGGRESSIVE;
				GCC_WARN_UNUSED_FUNCTION = YES;
				GCC_WARN_UNUSED_VARIABLE = YES;
				IPHONEOS_DEPLOYMENT_TARGET = 18.4;
				LOCALIZATION_PREFERS_STRING_CATALOGS = YES;
				MTL_ENABLE_DEBUG_INFO = NO;
				MTL_FAST_MATH = YES;
				SDKROOT = iphoneos;
				SWIFT_COMPILATION_MODE = wholemodule;
				VALIDATE_PRODUCT = YES;
			};
			name = Release;
		};
		CCDDBEAB2DBD3034006FF16C /* Debug */ = {
			isa = XCBuildConfiguration;
			buildSettings = {
				ASSETCATALOG_COMPILER_APPICON_NAME = AppIcon;
				ASSETCATALOG_COMPILER_GLOBAL_ACCENT_COLOR_NAME = AccentColor;
				CODE_SIGN_STYLE = Automatic;
				CURRENT_PROJECT_VERSION = 1;
				DEVELOPMENT_TEAM = 4J7H5JPR2Q;
				ENABLE_PREVIEWS = YES;
				GENERATE_INFOPLIST_FILE = YES;
				INFOPLIST_FILE = meexora/Info.plist;
				INFOPLIST_KEY_NSCameraUsageDescription = "This app uses camera to scan tickets";
				INFOPLIST_KEY_NSLocationWhenInUseUsageDescription = "We need your location to detect your city automatically.";
				INFOPLIST_KEY_UIApplicationSceneManifest_Generation = YES;
				INFOPLIST_KEY_UIApplicationSupportsIndirectInputEvents = YES;
				INFOPLIST_KEY_UILaunchScreen_Generation = YES;
				INFOPLIST_KEY_UISupportedInterfaceOrientations_iPad = "UIInterfaceOrientationPortrait UIInterfaceOrientationPortraitUpsideDown UIInterfaceOrientationLandscapeLeft UIInterfaceOrientationLandscapeRight";
				INFOPLIST_KEY_UISupportedInterfaceOrientations_iPhone = "UIInterfaceOrientationPortrait UIInterfaceOrientationLandscapeLeft UIInterfaceOrientationLandscapeRight";
				LD_RUNPATH_SEARCH_PATHS = (
					"$(inherited)",
					"@executable_path/Frameworks",
				);
				MARKETING_VERSION = 1.0;
				PRODUCT_BUNDLE_IDENTIFIER = dgrytsyna.meexora;
				PRODUCT_NAME = "$(TARGET_NAME)";
				SWIFT_EMIT_LOC_STRINGS = YES;
				SWIFT_VERSION = 5.0;
				TARGETED_DEVICE_FAMILY = "1,2";
			};
			name = Debug;
		};
		CCDDBEAC2DBD3034006FF16C /* Release */ = {
			isa = XCBuildConfiguration;
			buildSettings = {
				ASSETCATALOG_COMPILER_APPICON_NAME = AppIcon;
				ASSETCATALOG_COMPILER_GLOBAL_ACCENT_COLOR_NAME = AccentColor;
				CODE_SIGN_STYLE = Automatic;
				CURRENT_PROJECT_VERSION = 1;
				DEVELOPMENT_TEAM = 4J7H5JPR2Q;
				ENABLE_PREVIEWS = YES;
				GENERATE_INFOPLIST_FILE = YES;
				INFOPLIST_FILE = meexora/Info.plist;
				INFOPLIST_KEY_NSCameraUsageDescription = "This app uses camera to scan tickets";
				INFOPLIST_KEY_NSLocationWhenInUseUsageDescription = "We need your location to detect your city automatically.";
				INFOPLIST_KEY_UIApplicationSceneManifest_Generation = YES;
				INFOPLIST_KEY_UIApplicationSupportsIndirectInputEvents = YES;
				INFOPLIST_KEY_UILaunchScreen_Generation = YES;
				INFOPLIST_KEY_UISupportedInterfaceOrientations_iPad = "UIInterfaceOrientationPortrait UIInterfaceOrientationPortraitUpsideDown UIInterfaceOrientationLandscapeLeft UIInterfaceOrientationLandscapeRight";
				INFOPLIST_KEY_UISupportedInterfaceOrientations_iPhone = "UIInterfaceOrientationPortrait UIInterfaceOrientationLandscapeLeft UIInterfaceOrientationLandscapeRight";
				LD_RUNPATH_SEARCH_PATHS = (
					"$(inherited)",
					"@executable_path/Frameworks",
				);
				MARKETING_VERSION = 1.0;
				PRODUCT_BUNDLE_IDENTIFIER = dgrytsyna.meexora;
				PRODUCT_NAME = "$(TARGET_NAME)";
				SWIFT_EMIT_LOC_STRINGS = YES;
				SWIFT_VERSION = 5.0;
				TARGETED_DEVICE_FAMILY = "1,2";
			};
			name = Release;
		};
/* End XCBuildConfiguration section */

/* Begin XCConfigurationList section */
		CCDDBE9A2DBD3033006FF16C /* Build configuration list for PBXProject "meexora" */ = {
			isa = XCConfigurationList;
			buildConfigurations = (
				CCDDBEA82DBD3034006FF16C /* Debug */,
				CCDDBEA92DBD3034006FF16C /* Release */,
			);
			defaultConfigurationIsVisible = 0;
			defaultConfigurationName = Release;
		};
		CCDDBEAA2DBD3034006FF16C /* Build configuration list for PBXNativeTarget "meexora" */ = {
			isa = XCConfigurationList;
			buildConfigurations = (
				CCDDBEAB2DBD3034006FF16C /* Debug */,
				CCDDBEAC2DBD3034006FF16C /* Release */,
			);
			defaultConfigurationIsVisible = 0;
			defaultConfigurationName = Release;
		};
/* End XCConfigurationList section */

/* Begin XCRemoteSwiftPackageReference section */
		CC95717D2DCFA1F200844AD9 /* XCRemoteSwiftPackageReference "stripe-ios-spm" */ = {
			isa = XCRemoteSwiftPackageReference;
			repositoryURL = "https://github.com/stripe/stripe-ios-spm";
			requirement = {
				kind = upToNextMajorVersion;
				minimumVersion = 24.13.1;
			};
		};
/* End XCRemoteSwiftPackageReference section */

/* Begin XCSwiftPackageProductDependency section */
		CC95717E2DCFA1F200844AD9 /* Stripe */ = {
			isa = XCSwiftPackageProductDependency;
			package = CC95717D2DCFA1F200844AD9 /* XCRemoteSwiftPackageReference "stripe-ios-spm" */;
			productName = Stripe;
		};
		CC9571802DCFA1F200844AD9 /* StripeApplePay */ = {
			isa = XCSwiftPackageProductDependency;
			package = CC95717D2DCFA1F200844AD9 /* XCRemoteSwiftPackageReference "stripe-ios-spm" */;
			productName = StripeApplePay;
		};
		CC9571822DCFA1F200844AD9 /* StripeCardScan */ = {
			isa = XCSwiftPackageProductDependency;
			package = CC95717D2DCFA1F200844AD9 /* XCRemoteSwiftPackageReference "stripe-ios-spm" */;
			productName = StripeCardScan;
		};
		CC9571842DCFA1F200844AD9 /* StripeConnect */ = {
			isa = XCSwiftPackageProductDependency;
			package = CC95717D2DCFA1F200844AD9 /* XCRemoteSwiftPackageReference "stripe-ios-spm" */;
			productName = StripeConnect;
		};
		CC9571862DCFA1F200844AD9 /* StripeFinancialConnections */ = {
			isa = XCSwiftPackageProductDependency;
			package = CC95717D2DCFA1F200844AD9 /* XCRemoteSwiftPackageReference "stripe-ios-spm" */;
			productName = StripeFinancialConnections;
		};
		CC9571882DCFA1F200844AD9 /* StripeIdentity */ = {
			isa = XCSwiftPackageProductDependency;
			package = CC95717D2DCFA1F200844AD9 /* XCRemoteSwiftPackageReference "stripe-ios-spm" */;
			productName = StripeIdentity;
		};
		CC95718A2DCFA1F200844AD9 /* StripePaymentSheet */ = {
			isa = XCSwiftPackageProductDependency;
			package = CC95717D2DCFA1F200844AD9 /* XCRemoteSwiftPackageReference "stripe-ios-spm" */;
			productName = StripePaymentSheet;
		};
		CC95718C2DCFA1F200844AD9 /* StripePayments */ = {
			isa = XCSwiftPackageProductDependency;
			package = CC95717D2DCFA1F200844AD9 /* XCRemoteSwiftPackageReference "stripe-ios-spm" */;
			productName = StripePayments;
		};
		CC95718E2DCFA1F200844AD9 /* StripePaymentsUI */ = {
			isa = XCSwiftPackageProductDependency;
			package = CC95717D2DCFA1F200844AD9 /* XCRemoteSwiftPackageReference "stripe-ios-spm" */;
			productName = StripePaymentsUI;
		};
/* End XCSwiftPackageProductDependency section */
	};
	rootObject = CCDDBE972DBD3033006FF16C /* Project object */;
}
